<?xml version="1.0" encoding="utf-8"?>
<Project ToolsVersion="4.0" xmlns="http://schemas.microsoft.com/developer/msbuild/2003">
  <ItemGroup >
    <Filter Include="Header Files">
      <UniqueIdentifier>{922C6F41-C460-59B1-3A59-D4FA6DDC9C37}</UniqueIdentifier>
    </Filter>
    <Filter Include="Link Libraries">
      <UniqueIdentifier>{6D11200E-4206-7C82-1DCE-61EA5E3FE718}</UniqueIdentifier>
    </Filter>
    <Filter Include="Source Files">
      <UniqueIdentifier>{9A3C0498-7C60-1BDF-BDF7-06BDDE4E468F}</UniqueIdentifier>
    </Filter>
    <Filter Include="VPC Scripts">
      <UniqueIdentifier>{308191AE-A754-30DF-D5BD-5928E19D585F}</UniqueIdentifier>
    </Filter>
  </ItemGroup>
  <ItemGroup >
    <Library Include="..\..\lib\public\bitmap.lib">
      <Filter>Link Libraries</Filter>
    </Library>
  </ItemGroup>
  <ItemGroup >
    <ClInclude Include="..\..\public\matsys_controls\assetpicker.h">
      <Filter>Header Files</Filter>
    </ClInclude>
    <ClInclude Include="..\..\public\matsys_controls\baseassetpicker.h">
      <Filter>Header Files</Filter>
    </ClInclude>
    <ClInclude Include="..\..\public\matsys_controls\colorpickerpanel.h">
      <Filter>Header Files</Filter>
    </ClInclude>
    <ClInclude Include="..\..\public\matsys_controls\gamefiletreeview.h">
      <Filter>Header Files</Filter>
    </ClInclude>
    <ClInclude Include="..\..\public\matsys_controls\manipulator.h">
      <Filter>Header Files</Filter>
    </ClInclude>
    <ClInclude Include="..\..\public\matsys_controls\matsyscontrols.h">
      <Filter>Header Files</Filter>
    </ClInclude>
    <ClInclude Include="..\..\public\matsys_controls\mdlpanel.h">
      <Filter>Header Files</Filter>
    </ClInclude>
    <ClInclude Include="..\..\public\matsys_controls\mdlpicker.h">
      <Filter>Header Files</Filter>
    </ClInclude>
    <ClInclude Include="..\..\public\matsys_controls\mdlsequencepicker.h">
      <Filter>Header Files</Filter>
    </ClInclude>
    <ClInclude Include="..\..\public\matsys_controls\particlepicker.h">
      <Filter>Header Files</Filter>
    </ClInclude>
    <ClInclude Include="..\..\public\matsys_controls\picker.h">
      <Filter>Header Files</Filter>
    </ClInclude>
    <ClInclude Include="..\..\public\matsys_controls\potterywheelpanel.h">
      <Filter>Header Files</Filter>
    </ClInclude>
    <ClInclude Include="..\..\public\matsys_controls\proceduraltexturepanel.h">
      <Filter>Header Files</Filter>
    </ClInclude>
    <ClInclude Include="..\..\public\matsys_controls\QCGenerator.h">
      <Filter>Header Files</Filter>
    </ClInclude>
    <ClInclude Include="..\..\public\matsys_controls\sequencepicker.h">
      <Filter>Header Files</Filter>
    </ClInclude>
    <ClInclude Include="..\..\public\matsys_controls\sheetsequencepanel.h">
      <Filter>Header Files</Filter>
    </ClInclude>
    <ClInclude Include="..\..\public\matsys_controls\tgapicker.h">
      <Filter>Header Files</Filter>
    </ClInclude>
    <ClInclude Include="..\..\public\matsys_controls\tgapreviewpanel.h">
      <Filter>Header Files</Filter>
    </ClInclude>
    <ClInclude Include="..\..\public\matsys_controls\vmtpanel.h">
      <Filter>Header Files</Filter>
    </ClInclude>
    <ClInclude Include="..\..\public\matsys_controls\vmtpicker.h">
      <Filter>Header Files</Filter>
    </ClInclude>
    <ClInclude Include="..\..\public\matsys_controls\vmtpreviewpanel.h">
      <Filter>Header Files</Filter>
    </ClInclude>
    <ClInclude Include="..\..\public\matsys_controls\vtfpicker.h">
      <Filter>Header Files</Filter>
    </ClInclude>
    <ClInclude Include="..\..\public\matsys_controls\vtfpreviewpanel.h">
      <Filter>Header Files</Filter>
    </ClInclude>
  </ItemGroup>
  <ItemGroup >
    <ClCompile Include="assetpicker.cpp">
      <Filter>Source Files</Filter>
    </ClCompile>
    <ClCompile Include="baseassetpicker.cpp">
      <Filter>Source Files</Filter>
    </ClCompile>
    <ClCompile Include="colorpickerpanel.cpp">
      <Filter>Source Files</Filter>
    </ClCompile>
    <ClCompile Include="curveeditorpanel.cpp">
      <Filter>Source Files</Filter>
    </ClCompile>
    <ClCompile Include="..\..\common\debug_lib_check.cpp">
      <Filter>Source Files</Filter>
    </ClCompile>
    <ClCompile Include="gamefiletreeview.cpp">
      <Filter>Source Files</Filter>
    </ClCompile>
    <ClCompile Include="manipulator.cpp">
      <Filter>Source Files</Filter>
    </ClCompile>
    <ClCompile Include="matsyscontrols.cpp">
      <Filter>Source Files</Filter>
    </ClCompile>
    <ClCompile Include="mdlpanel.cpp">
      <Filter>Source Files</Filter>
    </ClCompile>
    <ClCompile Include="mdlpicker.cpp">
      <Filter>Source Files</Filter>
    </ClCompile>
    <ClCompile Include="mdlsequencepicker.cpp">
      <Filter>Source Files</Filter>
    </ClCompile>
    <ClCompile Include="particlepicker.cpp">
      <Filter>Source Files</Filter>
    </ClCompile>
    <ClCompile Include="picker.cpp">
      <Filter>Source Files</Filter>
    </ClCompile>
    <ClCompile Include="potterywheelpanel.cpp">
      <Filter>Source Files</Filter>
    </ClCompile>
    <ClCompile Include="proceduraltexturepanel.cpp">
      <Filter>Source Files</Filter>
    </ClCompile>
    <ClCompile Include="QCGenerator.cpp">
      <Filter>Source Files</Filter>
    </ClCompile>
    <ClCompile Include="sequencepicker.cpp">
      <Filter>Source Files</Filter>
    </ClCompile>
    <ClCompile Include="sheetsequencepanel.cpp">
      <Filter>Source Files</Filter>
    </ClCompile>
    <ClCompile Include="tgapicker.cpp">
      <Filter>Source Files</Filter>
    </ClCompile>
    <ClCompile Include="tgapreviewpanel.cpp">
      <Filter>Source Files</Filter>
    </ClCompile>
    <ClCompile Include="vmtpanel.cpp">
      <Filter>Source Files</Filter>
    </ClCompile>
    <ClCompile Include="vmtpicker.cpp">
      <Filter>Source Files</Filter>
    </ClCompile>
    <ClCompile Include="vmtpreviewpanel.cpp">
      <Filter>Source Files</Filter>
    </ClCompile>
    <ClCompile Include="vtfpicker.cpp">
      <Filter>Source Files</Filter>
    </ClCompile>
    <ClCompile Include="vtfpreviewpanel.cpp">
      <Filter>Source Files</Filter>
    </ClCompile>
  </ItemGroup>
  <ItemGroup  />
  <ItemGroup  />
  <ItemGroup >
    <None Include="_vpc_\manifest_matsys_controls\win32\manifest.txt">
      <Filter>VPC Scripts</Filter>
    </None>
    <None Include="matsys_controls.vpc">
      <Filter>VPC Scripts</Filter>
    </None>
    <None Include="..\..\vpc_scripts\platform_dirs.vpc">
      <Filter>VPC Scripts</Filter>
    </None>
    <None Include="..\..\vpc_scripts\source_base.vpc">
      <Filter>VPC Scripts</Filter>
    </None>
    <None Include="..\..\vpc_scripts\source_lib_base.vpc">
      <Filter>VPC Scripts</Filter>
    </None>
    <None Include="..\..\vpc_scripts\source_lib_win32_base.vpc">
      <Filter>VPC Scripts</Filter>
    </None>
    <None Include="..\..\vpc_scripts\source_lib_win32_debug.vpc">
      <Filter>VPC Scripts</Filter>
    </None>
    <None Include="..\..\vpc_scripts\source_lib_win32_release.vpc">
      <Filter>VPC Scripts</Filter>
    </None>
    <None Include="..\..\vpc_scripts\source_lowest_base.vpc">
      <Filter>VPC Scripts</Filter>
    </None>
    <None Include="..\..\vpc_scripts\source_video_base.vpc">
      <Filter>VPC Scripts</Filter>
    </None>
    <None Include="..\..\vpc_scripts\source_win32_base.vpc">
      <Filter>VPC Scripts</Filter>
    </None>
    <None Include="..\..\vpc_scripts\version.vpc">
      <Filter>VPC Scripts</Filter>
    </None>
  </ItemGroup>
</Project>
