<?xml version="1.0" encoding="utf-8"?>
<Project ToolsVersion="4.0" xmlns="http://schemas.microsoft.com/developer/msbuild/2003">
  <ItemGroup>
    <Filter Include="Precompiled Header">
      <UniqueIdentifier>{697CE808-5DB5-90DE-1B04-7787802D75A8}</UniqueIdentifier>
    </Filter>
    <Filter Include="Source Files">
      <UniqueIdentifier>{BA03E055-4FA2-FCE3-8A1C-D348547D379C}</UniqueIdentifier>
    </Filter>
    <Filter Include="VPC Scripts">
      <UniqueIdentifier>{A40EE377-781A-C6B9-0C7C-B3BE118D248E}</UniqueIdentifier>
    </Filter>
  </ItemGroup>
  <ItemGroup>
  </ItemGroup>
  <ItemGroup>
    <ClInclude Include="src\Jolt\AABBTree\AABBTreeBuilder.h">
      <Filter>Source Files</Filter>
    </ClInclude>
    <ClInclude Include="src\Jolt\AABBTree\AABBTreeToBuffer.h">
      <Filter>Source Files</Filter>
    </ClInclude>
    <ClInclude Include="src\Jolt\Geometry\AABox.h">
      <Filter>Source Files</Filter>
    </ClInclude>
    <ClInclude Include="src\Jolt\Geometry\AABox4.h">
      <Filter>Source Files</Filter>
    </ClInclude>
    <ClInclude Include="src\Jolt\Physics\Collision\AABoxCast.h">
      <Filter>Source Files</Filter>
    </ClInclude>
    <ClInclude Include="src\Jolt\Physics\Collision\ActiveEdgeMode.h">
      <Filter>Source Files</Filter>
    </ClInclude>
    <ClInclude Include="src\Jolt\Physics\Collision\ActiveEdges.h">
      <Filter>Source Files</Filter>
    </ClInclude>
    <ClInclude Include="src\Jolt\Physics\Constraints\ConstraintPart\AngleConstraintPart.h">
      <Filter>Source Files</Filter>
    </ClInclude>
    <ClInclude Include="src\Jolt\Core\ARMNeon.h">
      <Filter>Source Files</Filter>
    </ClInclude>
    <ClInclude Include="src\Jolt\Core\Atomics.h">
      <Filter>Source Files</Filter>
    </ClInclude>
    <ClInclude Include="src\Jolt\Physics\Constraints\ConstraintPart\AxisConstraintPart.h">
      <Filter>Source Files</Filter>
    </ClInclude>
    <ClInclude Include="src\Jolt\Physics\Collision\BackFaceMode.h">
      <Filter>Source Files</Filter>
    </ClInclude>
    <ClInclude Include="src\Jolt\Physics\Body\Body.h">
      <Filter>Source Files</Filter>
    </ClInclude>
    <ClInclude Include="src\Jolt\Physics\Body\BodyAccess.h">
      <Filter>Source Files</Filter>
    </ClInclude>
    <ClInclude Include="src\Jolt\Physics\Body\BodyActivationListener.h">
      <Filter>Source Files</Filter>
    </ClInclude>
    <ClInclude Include="src\Jolt\Physics\Body\BodyCreationSettings.h">
      <Filter>Source Files</Filter>
    </ClInclude>
    <ClInclude Include="src\Jolt\Physics\Body\BodyFilter.h">
      <Filter>Source Files</Filter>
    </ClInclude>
    <ClInclude Include="src\Jolt\Physics\Body\BodyID.h">
      <Filter>Source Files</Filter>
    </ClInclude>
    <ClInclude Include="src\Jolt\Physics\Body\BodyInterface.h">
      <Filter>Source Files</Filter>
    </ClInclude>
    <ClInclude Include="src\Jolt\Physics\Body\BodyLock.h">
      <Filter>Source Files</Filter>
    </ClInclude>
    <ClInclude Include="src\Jolt\Physics\Body\BodyLockInterface.h">
      <Filter>Source Files</Filter>
    </ClInclude>
    <ClInclude Include="src\Jolt\Physics\Body\BodyLockMulti.h">
      <Filter>Source Files</Filter>
    </ClInclude>
    <ClInclude Include="src\Jolt\Physics\Body\BodyManager.h">
      <Filter>Source Files</Filter>
    </ClInclude>
    <ClInclude Include="src\Jolt\Physics\Body\BodyPair.h">
      <Filter>Source Files</Filter>
    </ClInclude>
    <ClInclude Include="src\Jolt\Physics\Collision\Shape\BoxShape.h">
      <Filter>Source Files</Filter>
    </ClInclude>
    <ClInclude Include="src\Jolt\Physics\Collision\BroadPhase\BroadPhase.h">
      <Filter>Source Files</Filter>
    </ClInclude>
    <ClInclude Include="src\Jolt\Physics\Collision\BroadPhase\BroadPhaseBruteForce.h">
      <Filter>Source Files</Filter>
    </ClInclude>
    <ClInclude Include="src\Jolt\Physics\Collision\BroadPhase\BroadPhaseLayer.h">
      <Filter>Source Files</Filter>
    </ClInclude>
    <ClInclude Include="src\Jolt\Physics\Collision\BroadPhase\BroadPhaseQuadTree.h">
      <Filter>Source Files</Filter>
    </ClInclude>
    <ClInclude Include="src\Jolt\Physics\Collision\BroadPhase\BroadPhaseQuery.h">
      <Filter>Source Files</Filter>
    </ClInclude>
    <ClInclude Include="src\Jolt\Core\ByteBuffer.h">
      <Filter>Source Files</Filter>
    </ClInclude>
    <ClInclude Include="src\Jolt\Physics\Collision\Shape\CapsuleShape.h">
      <Filter>Source Files</Filter>
    </ClInclude>
    <ClInclude Include="src\Jolt\Physics\Collision\CastConvexVsTriangles.h">
      <Filter>Source Files</Filter>
    </ClInclude>
    <ClInclude Include="src\Jolt\Physics\Collision\CastResult.h">
      <Filter>Source Files</Filter>
    </ClInclude>
    <ClInclude Include="src\Jolt\Physics\Collision\CastSphereVsTriangles.h">
      <Filter>Source Files</Filter>
    </ClInclude>
    <ClInclude Include="src\Jolt\Physics\Character\Character.h">
      <Filter>Source Files</Filter>
    </ClInclude>
    <ClInclude Include="src\Jolt\Physics\Character\CharacterBase.h">
      <Filter>Source Files</Filter>
    </ClInclude>
    <ClInclude Include="src\Jolt\Physics\Character\CharacterVirtual.h">
      <Filter>Source Files</Filter>
    </ClInclude>
    <ClInclude Include="src\Jolt\Geometry\ClipPoly.h">
      <Filter>Source Files</Filter>
    </ClInclude>
    <ClInclude Include="src\Jolt\Geometry\ClosestPoint.h">
      <Filter>Source Files</Filter>
    </ClInclude>
    <ClInclude Include="src\Jolt\Physics\Collision\CollectFacesMode.h">
      <Filter>Source Files</Filter>
    </ClInclude>
    <ClInclude Include="src\Jolt\Physics\Collision\CollideConvexVsTriangles.h">
      <Filter>Source Files</Filter>
    </ClInclude>
    <ClInclude Include="src\Jolt\Physics\Collision\CollidePointResult.h">
      <Filter>Source Files</Filter>
    </ClInclude>
    <ClInclude Include="src\Jolt\Physics\Collision\CollideShape.h">
      <Filter>Source Files</Filter>
    </ClInclude>
    <ClInclude Include="src\Jolt\Physics\Collision\CollideSphereVsTriangles.h">
      <Filter>Source Files</Filter>
    </ClInclude>
    <ClInclude Include="src\Jolt\Physics\Collision\CollisionCollector.h">
      <Filter>Source Files</Filter>
    </ClInclude>
    <ClInclude Include="src\Jolt\Physics\Collision\CollisionCollectorImpl.h">
      <Filter>Source Files</Filter>
    </ClInclude>
    <ClInclude Include="src\Jolt\Physics\Collision\CollisionDispatch.h">
      <Filter>Source Files</Filter>
    </ClInclude>
    <ClInclude Include="src\Jolt\Physics\Collision\CollisionGroup.h">
      <Filter>Source Files</Filter>
    </ClInclude>
    <ClInclude Include="src\Jolt\Core\Color.h">
      <Filter>Source Files</Filter>
    </ClInclude>
    <ClInclude Include="src\Jolt\Physics\Collision\Shape\CompoundShape.h">
      <Filter>Source Files</Filter>
    </ClInclude>
    <ClInclude Include="src\Jolt\Physics\Collision\Shape\CompoundShapeVisitors.h">
      <Filter>Source Files</Filter>
    </ClInclude>
    <ClInclude Include="src\Jolt\Physics\Constraints\ConeConstraint.h">
      <Filter>Source Files</Filter>
    </ClInclude>
    <ClInclude Include="src\Jolt\Physics\Constraints\Constraint.h">
      <Filter>Source Files</Filter>
    </ClInclude>
    <ClInclude Include="src\Jolt\Physics\Constraints\ConstraintManager.h">
      <Filter>Source Files</Filter>
    </ClInclude>
    <ClInclude Include="src\Jolt\Physics\Constraints\ContactConstraintManager.h">
      <Filter>Source Files</Filter>
    </ClInclude>
    <ClInclude Include="src\Jolt\Physics\Collision\ContactListener.h">
      <Filter>Source Files</Filter>
    </ClInclude>
    <ClInclude Include="src\Jolt\Geometry\ConvexHullBuilder.h">
      <Filter>Source Files</Filter>
    </ClInclude>
    <ClInclude Include="src\Jolt\Geometry\ConvexHullBuilder2D.h">
      <Filter>Source Files</Filter>
    </ClInclude>
    <ClInclude Include="src\Jolt\Physics\Collision\Shape\ConvexHullShape.h">
      <Filter>Source Files</Filter>
    </ClInclude>
    <ClInclude Include="src\Jolt\Physics\Collision\Shape\ConvexShape.h">
      <Filter>Source Files</Filter>
    </ClInclude>
    <ClInclude Include="src\Jolt\Geometry\ConvexSupport.h">
      <Filter>Source Files</Filter>
    </ClInclude>
    <ClInclude Include="src\Jolt\Core\Core.h">
      <Filter>Source Files</Filter>
    </ClInclude>
    <ClInclude Include="src\Jolt\Physics\Collision\Shape\CylinderShape.h">
      <Filter>Source Files</Filter>
    </ClInclude>
    <ClInclude Include="src\Jolt\Renderer\DebugRenderer.h">
      <Filter>Source Files</Filter>
    </ClInclude>
    <ClInclude Include="src\Jolt\Renderer\DebugRendererPlayback.h">
      <Filter>Source Files</Filter>
    </ClInclude>
    <ClInclude Include="src\Jolt\Renderer\DebugRendererRecorder.h">
      <Filter>Source Files</Filter>
    </ClInclude>
    <ClInclude Include="src\Jolt\Physics\Collision\Shape\DecoratedShape.h">
      <Filter>Source Files</Filter>
    </ClInclude>
    <ClInclude Include="src\Jolt\Physics\DeterminismLog.h">
      <Filter>Source Files</Filter>
    </ClInclude>
    <ClInclude Include="src\Jolt\Physics\Constraints\DistanceConstraint.h">
      <Filter>Source Files</Filter>
    </ClInclude>
    <ClInclude Include="src\Jolt\Math\DMat44.h">
      <Filter>Source Files</Filter>
    </ClInclude>
    <ClInclude Include="src\Jolt\Math\Double3.h">
      <Filter>Source Files</Filter>
    </ClInclude>
    <ClInclude Include="src\Jolt\Physics\Constraints\ConstraintPart\DualAxisConstraintPart.h">
      <Filter>Source Files</Filter>
    </ClInclude>
    <ClInclude Include="src\Jolt\Math\DVec3.h">
      <Filter>Source Files</Filter>
    </ClInclude>
    <ClInclude Include="src\Jolt\Math\DynMatrix.h">
      <Filter>Source Files</Filter>
    </ClInclude>
    <ClInclude Include="src\Jolt\Physics\EActivation.h">
      <Filter>Source Files</Filter>
    </ClInclude>
    <ClInclude Include="src\Jolt\Math\EigenValueSymmetric.h">
      <Filter>Source Files</Filter>
    </ClInclude>
    <ClInclude Include="src\Jolt\Geometry\Ellipse.h">
      <Filter>Source Files</Filter>
    </ClInclude>
    <ClInclude Include="src\Jolt\Geometry\EPAConvexHullBuilder.h">
      <Filter>Source Files</Filter>
    </ClInclude>
    <ClInclude Include="src\Jolt\Geometry\EPAPenetrationDepth.h">
      <Filter>Source Files</Filter>
    </ClInclude>
    <ClInclude Include="src\Jolt\Physics\Collision\EstimateCollisionResponse.h">
      <Filter>Source Files</Filter>
    </ClInclude>
    <ClInclude Include="src\Jolt\Core\Factory.h">
      <Filter>Source Files</Filter>
    </ClInclude>
    <ClInclude Include="src\Jolt\Math\FindRoot.h">
      <Filter>Source Files</Filter>
    </ClInclude>
    <ClInclude Include="src\Jolt\Physics\Constraints\FixedConstraint.h">
      <Filter>Source Files</Filter>
    </ClInclude>
    <ClInclude Include="src\Jolt\Core\FixedSizeFreeList.h">
      <Filter>Source Files</Filter>
    </ClInclude>
    <ClInclude Include="src\Jolt\Math\Float2.h">
      <Filter>Source Files</Filter>
    </ClInclude>
    <ClInclude Include="src\Jolt\Math\Float3.h">
      <Filter>Source Files</Filter>
    </ClInclude>
    <ClInclude Include="src\Jolt\Math\Float4.h">
      <Filter>Source Files</Filter>
    </ClInclude>
    <ClInclude Include="src\Jolt\Core\FPControlWord.h">
      <Filter>Source Files</Filter>
    </ClInclude>
    <ClInclude Include="src\Jolt\Core\FPException.h">
      <Filter>Source Files</Filter>
    </ClInclude>
    <ClInclude Include="src\Jolt\Core\FPFlushDenormals.h">
      <Filter>Source Files</Filter>
    </ClInclude>
    <ClInclude Include="src\Jolt\Math\GaussianElimination.h">
      <Filter>Source Files</Filter>
    </ClInclude>
    <ClInclude Include="src\Jolt\Physics\Constraints\GearConstraint.h">
      <Filter>Source Files</Filter>
    </ClInclude>
    <ClInclude Include="src\Jolt\Physics\Constraints\ConstraintPart\GearConstraintPart.h">
      <Filter>Source Files</Filter>
    </ClInclude>
    <ClInclude Include="src\Jolt\ObjectStream\GetPrimitiveTypeOfType.h">
      <Filter>Source Files</Filter>
    </ClInclude>
    <ClInclude Include="src\Jolt\Physics\Collision\Shape\GetTrianglesContext.h">
      <Filter>Source Files</Filter>
    </ClInclude>
    <ClInclude Include="src\Jolt\Geometry\GJKClosestPoint.h">
      <Filter>Source Files</Filter>
    </ClInclude>
    <ClInclude Include="src\Jolt\Physics\Collision\GroupFilter.h">
      <Filter>Source Files</Filter>
    </ClInclude>
    <ClInclude Include="src\Jolt\Physics\Collision\GroupFilterTable.h">
      <Filter>Source Files</Filter>
    </ClInclude>
    <ClInclude Include="src\Jolt\Math\HalfFloat.h">
      <Filter>Source Files</Filter>
    </ClInclude>
    <ClInclude Include="src\Jolt\Core\HashCombine.h">
      <Filter>Source Files</Filter>
    </ClInclude>
    <ClInclude Include="src\Jolt\Physics\Collision\Shape\HeightFieldShape.h">
      <Filter>Source Files</Filter>
    </ClInclude>
    <ClInclude Include="src\Jolt\Physics\Constraints\HingeConstraint.h">
      <Filter>Source Files</Filter>
    </ClInclude>
    <ClInclude Include="src\Jolt\Physics\Constraints\ConstraintPart\HingeRotationConstraintPart.h">
      <Filter>Source Files</Filter>
    </ClInclude>
    <ClInclude Include="src\Jolt\Physics\Constraints\ConstraintPart\IndependentAxisConstraintPart.h">
      <Filter>Source Files</Filter>
    </ClInclude>
    <ClInclude Include="src\Jolt\Geometry\IndexedTriangle.h">
      <Filter>Source Files</Filter>
    </ClInclude>
    <ClInclude Include="src\Jolt\Geometry\Indexify.h">
      <Filter>Source Files</Filter>
    </ClInclude>
    <ClInclude Include="src\Jolt\Core\InsertionSort.h">
      <Filter>Source Files</Filter>
    </ClInclude>
    <ClInclude Include="src\Jolt\Physics\IslandBuilder.h">
      <Filter>Source Files</Filter>
    </ClInclude>
    <ClInclude Include="src\Jolt\Core\IssueReporting.h">
      <Filter>Source Files</Filter>
    </ClInclude>
    <ClInclude Include="src\Jolt\Core\JobSystem.h">
      <Filter>Source Files</Filter>
    </ClInclude>
    <ClInclude Include="src\Jolt\Core\JobSystemThreadPool.h">
      <Filter>Source Files</Filter>
    </ClInclude>
    <ClInclude Include="src\Jolt\Core\JobSystemWithBarrier.h">
      <Filter>Source Files</Filter>
    </ClInclude>
    <ClInclude Include="src\Jolt\Jolt.h">
      <Filter>Source Files</Filter>
    </ClInclude>
    <ClInclude Include="src\Jolt\Physics\LargeIslandSplitter.h">
      <Filter>Source Files</Filter>
    </ClInclude>
    <ClInclude Include="src\Jolt\Core\LinearCurve.h">
      <Filter>Source Files</Filter>
    </ClInclude>
    <ClInclude Include="src\Jolt\Core\LockFreeHashMap.h">
      <Filter>Source Files</Filter>
    </ClInclude>
    <ClInclude Include="src\Jolt\Physics\Collision\ManifoldBetweenTwoFaces.h">
      <Filter>Source Files</Filter>
    </ClInclude>
    <ClInclude Include="src\Jolt\Physics\Body\MassProperties.h">
      <Filter>Source Files</Filter>
    </ClInclude>
    <ClInclude Include="src\Jolt\Math\Mat44.h">
      <Filter>Source Files</Filter>
    </ClInclude>
    <ClInclude Include="src\Jolt\Math\Math.h">
      <Filter>Source Files</Filter>
    </ClInclude>
    <ClInclude Include="src\Jolt\Math\MathTypes.h">
      <Filter>Source Files</Filter>
    </ClInclude>
    <ClInclude Include="src\Jolt\Math\Matrix.h">
      <Filter>Source Files</Filter>
    </ClInclude>
    <ClInclude Include="src\Jolt\Core\Memory.h">
      <Filter>Source Files</Filter>
    </ClInclude>
    <ClInclude Include="src\Jolt\Physics\Collision\Shape\MeshShape.h">
      <Filter>Source Files</Filter>
    </ClInclude>
    <ClInclude Include="src\Jolt\Geometry\MortonCode.h">
      <Filter>Source Files</Filter>
    </ClInclude>
    <ClInclude Include="src\Jolt\Physics\Body\MotionProperties.h">
      <Filter>Source Files</Filter>
    </ClInclude>
    <ClInclude Include="src\Jolt\Physics\Body\MotionQuality.h">
      <Filter>Source Files</Filter>
    </ClInclude>
    <ClInclude Include="src\Jolt\Physics\Body\MotionType.h">
      <Filter>Source Files</Filter>
    </ClInclude>
    <ClInclude Include="src\Jolt\Physics\Constraints\MotorSettings.h">
      <Filter>Source Files</Filter>
    </ClInclude>
    <ClInclude Include="src\Jolt\Physics\Collision\Shape\MutableCompoundShape.h">
      <Filter>Source Files</Filter>
    </ClInclude>
    <ClInclude Include="src\Jolt\Core\Mutex.h">
      <Filter>Source Files</Filter>
    </ClInclude>
    <ClInclude Include="src\Jolt\Core\MutexArray.h">
      <Filter>Source Files</Filter>
    </ClInclude>
    <ClInclude Include="src\Jolt\Physics\Collision\NarrowPhaseQuery.h">
      <Filter>Source Files</Filter>
    </ClInclude>
    <ClInclude Include="src\Jolt\Physics\Collision\NarrowPhaseStats.h">
      <Filter>Source Files</Filter>
    </ClInclude>
    <ClInclude Include="src\Jolt\AABBTree\NodeCodec\NodeCodecQuadTreeHalfFloat.h">
      <Filter>Source Files</Filter>
    </ClInclude>
    <ClInclude Include="src\Jolt\Core\NonCopyable.h">
      <Filter>Source Files</Filter>
    </ClInclude>
    <ClInclude Include="src\Jolt\Physics\Collision\ObjectLayer.h">
      <Filter>Source Files</Filter>
    </ClInclude>
    <ClInclude Include="src\Jolt\ObjectStream\ObjectStream.h">
      <Filter>Source Files</Filter>
    </ClInclude>
    <ClInclude Include="src\Jolt\ObjectStream\ObjectStreamBinaryIn.h">
      <Filter>Source Files</Filter>
    </ClInclude>
    <ClInclude Include="src\Jolt\ObjectStream\ObjectStreamBinaryOut.h">
      <Filter>Source Files</Filter>
    </ClInclude>
    <ClInclude Include="src\Jolt\ObjectStream\ObjectStreamIn.h">
      <Filter>Source Files</Filter>
    </ClInclude>
    <ClInclude Include="src\Jolt\ObjectStream\ObjectStreamOut.h">
      <Filter>Source Files</Filter>
    </ClInclude>
    <ClInclude Include="src\Jolt\ObjectStream\ObjectStreamTextIn.h">
      <Filter>Source Files</Filter>
    </ClInclude>
    <ClInclude Include="src\Jolt\ObjectStream\ObjectStreamTextOut.h">
      <Filter>Source Files</Filter>
    </ClInclude>
    <ClInclude Include="src\Jolt\ObjectStream\ObjectStreamTypes.h">
      <Filter>Source Files</Filter>
    </ClInclude>
    <ClInclude Include="src\Jolt\Physics\Collision\Shape\OffsetCenterOfMassShape.h">
      <Filter>Source Files</Filter>
    </ClInclude>
    <ClInclude Include="src\Jolt\Geometry\OrientedBox.h">
      <Filter>Source Files</Filter>
    </ClInclude>
    <ClInclude Include="src\Jolt\Physics\Constraints\PathConstraint.h">
      <Filter>Source Files</Filter>
    </ClInclude>
    <ClInclude Include="src\Jolt\Physics\Constraints\PathConstraintPath.h">
      <Filter>Source Files</Filter>
    </ClInclude>
    <ClInclude Include="src\Jolt\Physics\Constraints\PathConstraintPathHermite.h">
      <Filter>Source Files</Filter>
    </ClInclude>
    <ClInclude Include="src\Jolt\Physics\PhysicsLock.h">
      <Filter>Source Files</Filter>
    </ClInclude>
    <ClInclude Include="src\Jolt\Physics\Collision\PhysicsMaterial.h">
      <Filter>Source Files</Filter>
    </ClInclude>
    <ClInclude Include="src\Jolt\Physics\Collision\PhysicsMaterialSimple.h">
      <Filter>Source Files</Filter>
    </ClInclude>
    <ClInclude Include="src\Jolt\Physics\PhysicsScene.h">
      <Filter>Source Files</Filter>
    </ClInclude>
    <ClInclude Include="src\Jolt\Physics\PhysicsSettings.h">
      <Filter>Source Files</Filter>
    </ClInclude>
    <ClInclude Include="src\Jolt\Physics\PhysicsStepListener.h">
      <Filter>Source Files</Filter>
    </ClInclude>
    <ClInclude Include="src\Jolt\Physics\PhysicsSystem.h">
      <Filter>Source Files</Filter>
    </ClInclude>
    <ClInclude Include="src\Jolt\Physics\PhysicsUpdateContext.h">
      <Filter>Source Files</Filter>
    </ClInclude>
    <ClInclude Include="src\Jolt\Geometry\Plane.h">
      <Filter>Source Files</Filter>
    </ClInclude>
    <ClInclude Include="src\Jolt\Physics\Constraints\PointConstraint.h">
      <Filter>Source Files</Filter>
    </ClInclude>
    <ClInclude Include="src\Jolt\Physics\Constraints\ConstraintPart\PointConstraintPart.h">
      <Filter>Source Files</Filter>
    </ClInclude>
    <ClInclude Include="src\Jolt\Physics\Collision\Shape\PolyhedronSubmergedVolumeCalculator.h">
      <Filter>Source Files</Filter>
    </ClInclude>
    <ClInclude Include="src\Jolt\Core\Profiler.h">
      <Filter>Source Files</Filter>
    </ClInclude>
    <ClInclude Include="src\Jolt\Physics\Constraints\PulleyConstraint.h">
      <Filter>Source Files</Filter>
    </ClInclude>
    <ClInclude Include="src\Jolt\Physics\Collision\BroadPhase\QuadTree.h">
      <Filter>Source Files</Filter>
    </ClInclude>
    <ClInclude Include="src\Jolt\Math\Quat.h">
      <Filter>Source Files</Filter>
    </ClInclude>
    <ClInclude Include="src\Jolt\Core\QuickSort.h">
      <Filter>Source Files</Filter>
    </ClInclude>
    <ClInclude Include="src\Jolt\Physics\Constraints\RackAndPinionConstraint.h">
      <Filter>Source Files</Filter>
    </ClInclude>
    <ClInclude Include="src\Jolt\Physics\Constraints\ConstraintPart\RackAndPinionConstraintPart.h">
      <Filter>Source Files</Filter>
    </ClInclude>
    <ClInclude Include="src\Jolt\Physics\Ragdoll\Ragdoll.h">
      <Filter>Source Files</Filter>
    </ClInclude>
    <ClInclude Include="src\Jolt\Geometry\RayAABox.h">
      <Filter>Source Files</Filter>
    </ClInclude>
    <ClInclude Include="src\Jolt\Geometry\RayAABox8.h">
      <Filter>Source Files</Filter>
    </ClInclude>
    <ClInclude Include="src\Jolt\Geometry\RayCapsule.h">
      <Filter>Source Files</Filter>
    </ClInclude>
    <ClInclude Include="src\Jolt\Physics\Collision\RayCast.h">
      <Filter>Source Files</Filter>
    </ClInclude>
    <ClInclude Include="src\Jolt\Geometry\RayCylinder.h">
      <Filter>Source Files</Filter>
    </ClInclude>
    <ClInclude Include="src\Jolt\Geometry\RaySphere.h">
      <Filter>Source Files</Filter>
    </ClInclude>
    <ClInclude Include="src\Jolt\Geometry\RayTriangle.h">
      <Filter>Source Files</Filter>
    </ClInclude>
    <ClInclude Include="src\Jolt\Geometry\RayTriangle8.h">
      <Filter>Source Files</Filter>
    </ClInclude>
    <ClInclude Include="src\Jolt\Math\Real.h">
      <Filter>Source Files</Filter>
    </ClInclude>
    <ClInclude Include="src\Jolt\Core\Reference.h">
      <Filter>Source Files</Filter>
    </ClInclude>
    <ClInclude Include="src\Jolt\RegisterTypes.h">
      <Filter>Source Files</Filter>
    </ClInclude>
    <ClInclude Include="src\Jolt\Core\Result.h">
      <Filter>Source Files</Filter>
    </ClInclude>
    <ClInclude Include="src\Jolt\Physics\Collision\Shape\RotatedTranslatedShape.h">
      <Filter>Source Files</Filter>
    </ClInclude>
    <ClInclude Include="src\Jolt\Physics\Constraints\ConstraintPart\RotationEulerConstraintPart.h">
      <Filter>Source Files</Filter>
    </ClInclude>
    <ClInclude Include="src\Jolt\Physics\Constraints\ConstraintPart\RotationQuatConstraintPart.h">
      <Filter>Source Files</Filter>
    </ClInclude>
    <ClInclude Include="src\Jolt\Core\RTTI.h">
      <Filter>Source Files</Filter>
    </ClInclude>
    <ClInclude Include="src\Jolt\Physics\Collision\Shape\ScaledShape.h">
      <Filter>Source Files</Filter>
    </ClInclude>
    <ClInclude Include="src\Jolt\Physics\Collision\Shape\ScaleHelpers.h">
      <Filter>Source Files</Filter>
    </ClInclude>
    <ClInclude Include="src\Jolt\Core\Semaphore.h">
      <Filter>Source Files</Filter>
    </ClInclude>
    <ClInclude Include="src\Jolt\ObjectStream\SerializableAttribute.h">
      <Filter>Source Files</Filter>
    </ClInclude>
    <ClInclude Include="src\Jolt\ObjectStream\SerializableAttributeEnum.h">
      <Filter>Source Files</Filter>
    </ClInclude>
    <ClInclude Include="src\Jolt\ObjectStream\SerializableAttributeTyped.h">
      <Filter>Source Files</Filter>
    </ClInclude>
    <ClInclude Include="src\Jolt\ObjectStream\SerializableObject.h">
      <Filter>Source Files</Filter>
    </ClInclude>
    <ClInclude Include="src\Jolt\Physics\Collision\Shape\Shape.h">
      <Filter>Source Files</Filter>
    </ClInclude>
    <ClInclude Include="src\Jolt\Physics\Collision\ShapeCast.h">
      <Filter>Source Files</Filter>
    </ClInclude>
    <ClInclude Include="src\Jolt\Physics\Collision\ShapeFilter.h">
      <Filter>Source Files</Filter>
    </ClInclude>
    <ClInclude Include="src\Jolt\Physics\Constraints\SixDOFConstraint.h">
      <Filter>Source Files</Filter>
    </ClInclude>
    <ClInclude Include="src\Jolt\Skeleton\SkeletalAnimation.h">
      <Filter>Source Files</Filter>
    </ClInclude>
    <ClInclude Include="src\Jolt\Skeleton\Skeleton.h">
      <Filter>Source Files</Filter>
    </ClInclude>
    <ClInclude Include="src\Jolt\Skeleton\SkeletonMapper.h">
      <Filter>Source Files</Filter>
    </ClInclude>
    <ClInclude Include="src\Jolt\Skeleton\SkeletonPose.h">
      <Filter>Source Files</Filter>
    </ClInclude>
    <ClInclude Include="src\Jolt\Physics\Constraints\SliderConstraint.h">
      <Filter>Source Files</Filter>
    </ClInclude>
    <ClInclude Include="src\Jolt\Physics\Collision\SortReverseAndStore.h">
      <Filter>Source Files</Filter>
    </ClInclude>
    <ClInclude Include="src\Jolt\Geometry\Sphere.h">
      <Filter>Source Files</Filter>
    </ClInclude>
    <ClInclude Include="src\Jolt\Physics\Collision\Shape\SphereShape.h">
      <Filter>Source Files</Filter>
    </ClInclude>
    <ClInclude Include="src\Jolt\Physics\Constraints\ConstraintPart\SpringPart.h">
      <Filter>Source Files</Filter>
    </ClInclude>
    <ClInclude Include="src\Jolt\Physics\StateRecorder.h">
      <Filter>Source Files</Filter>
    </ClInclude>
    <ClInclude Include="src\Jolt\Physics\StateRecorderImpl.h">
      <Filter>Source Files</Filter>
    </ClInclude>
    <ClInclude Include="src\Jolt\Core\StaticArray.h">
      <Filter>Source Files</Filter>
    </ClInclude>
    <ClInclude Include="src\Jolt\Physics\Collision\Shape\StaticCompoundShape.h">
      <Filter>Source Files</Filter>
    </ClInclude>
    <ClInclude Include="src\Jolt\Core\STLAlignedAllocator.h">
      <Filter>Source Files</Filter>
    </ClInclude>
    <ClInclude Include="src\Jolt\Core\STLAllocator.h">
      <Filter>Source Files</Filter>
    </ClInclude>
    <ClInclude Include="src\Jolt\Core\STLTempAllocator.h">
      <Filter>Source Files</Filter>
    </ClInclude>
    <ClInclude Include="src\Jolt\Core\StreamIn.h">
      <Filter>Source Files</Filter>
    </ClInclude>
    <ClInclude Include="src\Jolt\Core\StreamOut.h">
      <Filter>Source Files</Filter>
    </ClInclude>
    <ClInclude Include="src\Jolt\Core\StreamWrapper.h">
      <Filter>Source Files</Filter>
    </ClInclude>
    <ClInclude Include="src\Jolt\Core\StringTools.h">
      <Filter>Source Files</Filter>
    </ClInclude>
    <ClInclude Include="src\Jolt\Physics\Collision\Shape\SubShapeID.h">
      <Filter>Source Files</Filter>
    </ClInclude>
    <ClInclude Include="src\Jolt\Physics\Collision\Shape\SubShapeIDPair.h">
      <Filter>Source Files</Filter>
    </ClInclude>
    <ClInclude Include="src\Jolt\Physics\Constraints\SwingTwistConstraint.h">
      <Filter>Source Files</Filter>
    </ClInclude>
    <ClInclude Include="src\Jolt\Physics\Constraints\ConstraintPart\SwingTwistConstraintPart.h">
      <Filter>Source Files</Filter>
    </ClInclude>
    <ClInclude Include="src\Jolt\Math\Swizzle.h">
      <Filter>Source Files</Filter>
    </ClInclude>
    <ClInclude Include="src\Jolt\Physics\Collision\Shape\TaperedCapsuleShape.h">
      <Filter>Source Files</Filter>
    </ClInclude>
    <ClInclude Include="src\Jolt\Core\TempAllocator.h">
      <Filter>Source Files</Filter>
    </ClInclude>
    <ClInclude Include="src\Jolt\Core\TickCounter.h">
      <Filter>Source Files</Filter>
    </ClInclude>
    <ClInclude Include="src\Jolt\Physics\Vehicle\TrackedVehicleController.h">
      <Filter>Source Files</Filter>
    </ClInclude>
    <ClInclude Include="src\Jolt\Physics\Collision\TransformedShape.h">
      <Filter>Source Files</Filter>
    </ClInclude>
    <ClInclude Include="src\Jolt\Geometry\Triangle.h">
      <Filter>Source Files</Filter>
    </ClInclude>
    <ClInclude Include="src\Jolt\AABBTree\TriangleCodec\TriangleCodecIndexed8BitPackSOA4Flags.h">
      <Filter>Source Files</Filter>
    </ClInclude>
    <ClInclude Include="src\Jolt\TriangleGrouper\TriangleGrouper.h">
      <Filter>Source Files</Filter>
    </ClInclude>
    <ClInclude Include="src\Jolt\TriangleGrouper\TriangleGrouperClosestCentroid.h">
      <Filter>Source Files</Filter>
    </ClInclude>
    <ClInclude Include="src\Jolt\TriangleGrouper\TriangleGrouperMorton.h">
      <Filter>Source Files</Filter>
    </ClInclude>
    <ClInclude Include="src\Jolt\Physics\Collision\Shape\TriangleShape.h">
      <Filter>Source Files</Filter>
    </ClInclude>
    <ClInclude Include="src\Jolt\TriangleSplitter\TriangleSplitter.h">
      <Filter>Source Files</Filter>
    </ClInclude>
    <ClInclude Include="src\Jolt\TriangleSplitter\TriangleSplitterBinning.h">
      <Filter>Source Files</Filter>
    </ClInclude>
    <ClInclude Include="src\Jolt\TriangleSplitter\TriangleSplitterFixedLeafSize.h">
      <Filter>Source Files</Filter>
    </ClInclude>
    <ClInclude Include="src\Jolt\TriangleSplitter\TriangleSplitterLongestAxis.h">
      <Filter>Source Files</Filter>
    </ClInclude>
    <ClInclude Include="src\Jolt\TriangleSplitter\TriangleSplitterMean.h">
      <Filter>Source Files</Filter>
    </ClInclude>
    <ClInclude Include="src\Jolt\TriangleSplitter\TriangleSplitterMorton.h">
      <Filter>Source Files</Filter>
    </ClInclude>
    <ClInclude Include="src\Jolt\Math\Trigonometry.h">
      <Filter>Source Files</Filter>
    </ClInclude>
    <ClInclude Include="src\Jolt\Physics\Constraints\TwoBodyConstraint.h">
      <Filter>Source Files</Filter>
    </ClInclude>
    <ClInclude Include="src\Jolt\ObjectStream\TypeDeclarations.h">
      <Filter>Source Files</Filter>
    </ClInclude>
    <ClInclude Include="src\Jolt\Core\UnorderedMap.h">
      <Filter>Source Files</Filter>
    </ClInclude>
    <ClInclude Include="src\Jolt\Core\UnorderedSet.h">
      <Filter>Source Files</Filter>
    </ClInclude>
    <ClInclude Include="src\Jolt\Math\UVec4.h">
      <Filter>Source Files</Filter>
    </ClInclude>
    <ClInclude Include="src\Jolt\Math\UVec8.h">
      <Filter>Source Files</Filter>
    </ClInclude>
    <ClInclude Include="src\Jolt\Math\Vec3.h">
      <Filter>Source Files</Filter>
    </ClInclude>
    <ClInclude Include="src\Jolt\Math\Vec4.h">
      <Filter>Source Files</Filter>
    </ClInclude>
    <ClInclude Include="src\Jolt\Math\Vec8.h">
      <Filter>Source Files</Filter>
    </ClInclude>
    <ClInclude Include="src\Jolt\Math\Vector.h">
      <Filter>Source Files</Filter>
    </ClInclude>
    <ClInclude Include="src\Jolt\Physics\Vehicle\VehicleAntiRollBar.h">
      <Filter>Source Files</Filter>
    </ClInclude>
    <ClInclude Include="src\Jolt\Physics\Vehicle\VehicleCollisionTester.h">
      <Filter>Source Files</Filter>
    </ClInclude>
    <ClInclude Include="src\Jolt\Physics\Vehicle\VehicleConstraint.h">
      <Filter>Source Files</Filter>
    </ClInclude>
    <ClInclude Include="src\Jolt\Physics\Vehicle\VehicleController.h">
      <Filter>Source Files</Filter>
    </ClInclude>
    <ClInclude Include="src\Jolt\Physics\Vehicle\VehicleDifferential.h">
      <Filter>Source Files</Filter>
    </ClInclude>
    <ClInclude Include="src\Jolt\Physics\Vehicle\VehicleEngine.h">
      <Filter>Source Files</Filter>
    </ClInclude>
    <ClInclude Include="src\Jolt\Physics\Vehicle\VehicleTrack.h">
      <Filter>Source Files</Filter>
    </ClInclude>
    <ClInclude Include="src\Jolt\Physics\Vehicle\VehicleTransmission.h">
      <Filter>Source Files</Filter>
    </ClInclude>
    <ClInclude Include="src\Jolt\Physics\Vehicle\Wheel.h">
      <Filter>Source Files</Filter>
    </ClInclude>
    <ClInclude Include="src\Jolt\Physics\Vehicle\WheeledVehicleController.h">
      <Filter>Source Files</Filter>
    </ClInclude>
  </ItemGroup>
  <ItemGroup>
    <ClCompile Include="pch.cpp">
      <Filter>Precompiled Header</Filter>
    </ClCompile>
    <ClCompile Include="src\Jolt\AABBTree\AABBTreeBuilder.cpp">
      <Filter>Source Files</Filter>
    </ClCompile>
    <ClCompile Include="src\Jolt\Physics\Body\Body.cpp">
      <Filter>Source Files</Filter>
    </ClCompile>
    <ClCompile Include="src\Jolt\Physics\Body\BodyAccess.cpp">
      <Filter>Source Files</Filter>
    </ClCompile>
    <ClCompile Include="src\Jolt\Physics\Body\BodyCreationSettings.cpp">
      <Filter>Source Files</Filter>
    </ClCompile>
    <ClCompile Include="src\Jolt\Physics\Body\BodyInterface.cpp">
      <Filter>Source Files</Filter>
    </ClCompile>
    <ClCompile Include="src\Jolt\Physics\Body\BodyManager.cpp">
      <Filter>Source Files</Filter>
    </ClCompile>
    <ClCompile Include="src\Jolt\Physics\Collision\Shape\BoxShape.cpp">
      <Filter>Source Files</Filter>
    </ClCompile>
    <ClCompile Include="src\Jolt\Physics\Collision\BroadPhase\BroadPhase.cpp">
      <Filter>Source Files</Filter>
    </ClCompile>
    <ClCompile Include="src\Jolt\Physics\Collision\BroadPhase\BroadPhaseBruteForce.cpp">
      <Filter>Source Files</Filter>
    </ClCompile>
    <ClCompile Include="src\Jolt\Physics\Collision\BroadPhase\BroadPhaseQuadTree.cpp">
      <Filter>Source Files</Filter>
    </ClCompile>
    <ClCompile Include="src\Jolt\Physics\Collision\Shape\CapsuleShape.cpp">
      <Filter>Source Files</Filter>
    </ClCompile>
    <ClCompile Include="src\Jolt\Physics\Collision\CastConvexVsTriangles.cpp">
      <Filter>Source Files</Filter>
    </ClCompile>
    <ClCompile Include="src\Jolt\Physics\Collision\CastSphereVsTriangles.cpp">
      <Filter>Source Files</Filter>
    </ClCompile>
    <ClCompile Include="src\Jolt\Physics\Character\Character.cpp">
      <Filter>Source Files</Filter>
    </ClCompile>
    <ClCompile Include="src\Jolt\Physics\Character\CharacterBase.cpp">
      <Filter>Source Files</Filter>
    </ClCompile>
    <ClCompile Include="src\Jolt\Physics\Character\CharacterVirtual.cpp">
      <Filter>Source Files</Filter>
    </ClCompile>
    <ClCompile Include="src\Jolt\Physics\Collision\CollideConvexVsTriangles.cpp">
      <Filter>Source Files</Filter>
    </ClCompile>
    <ClCompile Include="src\Jolt\Physics\Collision\CollideSphereVsTriangles.cpp">
      <Filter>Source Files</Filter>
    </ClCompile>
    <ClCompile Include="src\Jolt\Physics\Collision\CollisionDispatch.cpp">
      <Filter>Source Files</Filter>
    </ClCompile>
    <ClCompile Include="src\Jolt\Physics\Collision\CollisionGroup.cpp">
      <Filter>Source Files</Filter>
    </ClCompile>
    <ClCompile Include="src\Jolt\Core\Color.cpp">
      <Filter>Source Files</Filter>
    </ClCompile>
    <ClCompile Include="src\Jolt\Physics\Collision\Shape\CompoundShape.cpp">
      <Filter>Source Files</Filter>
    </ClCompile>
    <ClCompile Include="src\Jolt\Physics\Constraints\ConeConstraint.cpp">
      <Filter>Source Files</Filter>
    </ClCompile>
    <ClCompile Include="src\Jolt\Physics\Constraints\Constraint.cpp">
      <Filter>Source Files</Filter>
    </ClCompile>
    <ClCompile Include="src\Jolt\Physics\Constraints\ConstraintManager.cpp">
      <Filter>Source Files</Filter>
    </ClCompile>
    <ClCompile Include="src\Jolt\Physics\Constraints\ContactConstraintManager.cpp">
      <Filter>Source Files</Filter>
    </ClCompile>
    <ClCompile Include="src\Jolt\Geometry\ConvexHullBuilder.cpp">
      <Filter>Source Files</Filter>
    </ClCompile>
    <ClCompile Include="src\Jolt\Geometry\ConvexHullBuilder2D.cpp">
      <Filter>Source Files</Filter>
    </ClCompile>
    <ClCompile Include="src\Jolt\Physics\Collision\Shape\ConvexHullShape.cpp">
      <Filter>Source Files</Filter>
    </ClCompile>
    <ClCompile Include="src\Jolt\Physics\Collision\Shape\ConvexShape.cpp">
      <Filter>Source Files</Filter>
    </ClCompile>
    <ClCompile Include="src\Jolt\Physics\Collision\Shape\CylinderShape.cpp">
      <Filter>Source Files</Filter>
    </ClCompile>
    <ClCompile Include="src\Jolt\Renderer\DebugRenderer.cpp">
      <Filter>Source Files</Filter>
    </ClCompile>
    <ClCompile Include="src\Jolt\Renderer\DebugRendererPlayback.cpp">
      <Filter>Source Files</Filter>
    </ClCompile>
    <ClCompile Include="src\Jolt\Renderer\DebugRendererRecorder.cpp">
      <Filter>Source Files</Filter>
    </ClCompile>
    <ClCompile Include="src\Jolt\Physics\Collision\Shape\DecoratedShape.cpp">
      <Filter>Source Files</Filter>
    </ClCompile>
    <ClCompile Include="src\Jolt\Physics\DeterminismLog.cpp">
      <Filter>Source Files</Filter>
    </ClCompile>
    <ClCompile Include="src\Jolt\Physics\Constraints\DistanceConstraint.cpp">
      <Filter>Source Files</Filter>
    </ClCompile>
    <ClCompile Include="src\Jolt\Physics\Collision\EstimateCollisionResponse.cpp">
      <Filter>Source Files</Filter>
    </ClCompile>
    <ClCompile Include="src\Jolt\Core\Factory.cpp">
      <Filter>Source Files</Filter>
    </ClCompile>
    <ClCompile Include="src\Jolt\Physics\Constraints\FixedConstraint.cpp">
      <Filter>Source Files</Filter>
    </ClCompile>
    <ClCompile Include="src\Jolt\Physics\Constraints\GearConstraint.cpp">
      <Filter>Source Files</Filter>
    </ClCompile>
    <ClCompile Include="src\Jolt\Physics\Collision\GroupFilter.cpp">
      <Filter>Source Files</Filter>
    </ClCompile>
    <ClCompile Include="src\Jolt\Physics\Collision\GroupFilterTable.cpp">
      <Filter>Source Files</Filter>
    </ClCompile>
    <ClCompile Include="src\Jolt\Physics\Collision\Shape\HeightFieldShape.cpp">
      <Filter>Source Files</Filter>
    </ClCompile>
    <ClCompile Include="src\Jolt\Physics\Constraints\HingeConstraint.cpp">
      <Filter>Source Files</Filter>
    </ClCompile>
    <ClCompile Include="src\Jolt\Geometry\Indexify.cpp">
      <Filter>Source Files</Filter>
    </ClCompile>
    <ClCompile Include="src\Jolt\Physics\IslandBuilder.cpp">
      <Filter>Source Files</Filter>
    </ClCompile>
    <ClCompile Include="src\Jolt\Core\IssueReporting.cpp">
      <Filter>Source Files</Filter>
    </ClCompile>
    <ClCompile Include="src\Jolt\Core\JobSystemThreadPool.cpp">
      <Filter>Source Files</Filter>
    </ClCompile>
    <ClCompile Include="src\Jolt\Core\JobSystemWithBarrier.cpp">
      <Filter>Source Files</Filter>
    </ClCompile>
    <ClCompile Include="src\Jolt\Physics\LargeIslandSplitter.cpp">
      <Filter>Source Files</Filter>
    </ClCompile>
    <ClCompile Include="src\Jolt\Core\LinearCurve.cpp">
      <Filter>Source Files</Filter>
    </ClCompile>
    <ClCompile Include="src\Jolt\Physics\Collision\ManifoldBetweenTwoFaces.cpp">
      <Filter>Source Files</Filter>
    </ClCompile>
    <ClCompile Include="src\Jolt\Physics\Body\MassProperties.cpp">
      <Filter>Source Files</Filter>
    </ClCompile>
    <ClCompile Include="src\Jolt\Core\Memory.cpp">
      <Filter>Source Files</Filter>
    </ClCompile>
    <ClCompile Include="src\Jolt\Physics\Collision\Shape\MeshShape.cpp">
      <Filter>Source Files</Filter>
    </ClCompile>
    <ClCompile Include="src\Jolt\Physics\Body\MotionProperties.cpp">
      <Filter>Source Files</Filter>
    </ClCompile>
    <ClCompile Include="src\Jolt\Physics\Constraints\MotorSettings.cpp">
      <Filter>Source Files</Filter>
    </ClCompile>
    <ClCompile Include="src\Jolt\Physics\Collision\Shape\MutableCompoundShape.cpp">
      <Filter>Source Files</Filter>
    </ClCompile>
    <ClCompile Include="src\Jolt\Physics\Collision\NarrowPhaseQuery.cpp">
      <Filter>Source Files</Filter>
    </ClCompile>
    <ClCompile Include="src\Jolt\Physics\Collision\NarrowPhaseStats.cpp">
      <Filter>Source Files</Filter>
    </ClCompile>
    <ClCompile Include="src\Jolt\ObjectStream\ObjectStream.cpp">
      <Filter>Source Files</Filter>
    </ClCompile>
    <ClCompile Include="src\Jolt\ObjectStream\ObjectStreamBinaryIn.cpp">
      <Filter>Source Files</Filter>
    </ClCompile>
    <ClCompile Include="src\Jolt\ObjectStream\ObjectStreamBinaryOut.cpp">
      <Filter>Source Files</Filter>
    </ClCompile>
    <ClCompile Include="src\Jolt\ObjectStream\ObjectStreamIn.cpp">
      <Filter>Source Files</Filter>
    </ClCompile>
    <ClCompile Include="src\Jolt\ObjectStream\ObjectStreamOut.cpp">
      <Filter>Source Files</Filter>
    </ClCompile>
    <ClCompile Include="src\Jolt\ObjectStream\ObjectStreamTextIn.cpp">
      <Filter>Source Files</Filter>
    </ClCompile>
    <ClCompile Include="src\Jolt\ObjectStream\ObjectStreamTextOut.cpp">
      <Filter>Source Files</Filter>
    </ClCompile>
    <ClCompile Include="src\Jolt\Physics\Collision\Shape\OffsetCenterOfMassShape.cpp">
      <Filter>Source Files</Filter>
    </ClCompile>
    <ClCompile Include="src\Jolt\Geometry\OrientedBox.cpp">
      <Filter>Source Files</Filter>
    </ClCompile>
    <ClCompile Include="src\Jolt\Physics\Constraints\PathConstraint.cpp">
      <Filter>Source Files</Filter>
    </ClCompile>
    <ClCompile Include="src\Jolt\Physics\Constraints\PathConstraintPath.cpp">
      <Filter>Source Files</Filter>
    </ClCompile>
    <ClCompile Include="src\Jolt\Physics\Constraints\PathConstraintPathHermite.cpp">
      <Filter>Source Files</Filter>
    </ClCompile>
    <ClCompile Include="src\Jolt\Physics\PhysicsLock.cpp">
      <Filter>Source Files</Filter>
    </ClCompile>
    <ClCompile Include="src\Jolt\Physics\Collision\PhysicsMaterial.cpp">
      <Filter>Source Files</Filter>
    </ClCompile>
    <ClCompile Include="src\Jolt\Physics\Collision\PhysicsMaterialSimple.cpp">
      <Filter>Source Files</Filter>
    </ClCompile>
    <ClCompile Include="src\Jolt\Physics\PhysicsScene.cpp">
      <Filter>Source Files</Filter>
    </ClCompile>
    <ClCompile Include="src\Jolt\Physics\PhysicsSystem.cpp">
      <Filter>Source Files</Filter>
    </ClCompile>
    <ClCompile Include="src\Jolt\Physics\PhysicsUpdateContext.cpp">
      <Filter>Source Files</Filter>
    </ClCompile>
    <ClCompile Include="src\Jolt\Physics\Constraints\PointConstraint.cpp">
      <Filter>Source Files</Filter>
    </ClCompile>
    <ClCompile Include="src\Jolt\Core\Profiler.cpp">
      <Filter>Source Files</Filter>
    </ClCompile>
    <ClCompile Include="src\Jolt\Physics\Constraints\PulleyConstraint.cpp">
      <Filter>Source Files</Filter>
    </ClCompile>
    <ClCompile Include="src\Jolt\Physics\Collision\BroadPhase\QuadTree.cpp">
      <Filter>Source Files</Filter>
    </ClCompile>
    <ClCompile Include="src\Jolt\Physics\Constraints\RackAndPinionConstraint.cpp">
      <Filter>Source Files</Filter>
    </ClCompile>
    <ClCompile Include="src\Jolt\Physics\Ragdoll\Ragdoll.cpp">
      <Filter>Source Files</Filter>
    </ClCompile>
    <ClCompile Include="src\Jolt\RegisterTypes.cpp">
      <Filter>Source Files</Filter>
    </ClCompile>
    <ClCompile Include="src\Jolt\Physics\Collision\Shape\RotatedTranslatedShape.cpp">
      <Filter>Source Files</Filter>
    </ClCompile>
    <ClCompile Include="src\Jolt\Core\RTTI.cpp">
      <Filter>Source Files</Filter>
    </ClCompile>
    <ClCompile Include="src\Jolt\Physics\Collision\Shape\ScaledShape.cpp">
      <Filter>Source Files</Filter>
    </ClCompile>
    <ClCompile Include="src\Jolt\Core\Semaphore.cpp">
      <Filter>Source Files</Filter>
    </ClCompile>
    <ClCompile Include="src\Jolt\ObjectStream\SerializableObject.cpp">
      <Filter>Source Files</Filter>
    </ClCompile>
    <ClCompile Include="src\Jolt\Physics\Collision\Shape\Shape.cpp">
      <Filter>Source Files</Filter>
    </ClCompile>
    <ClCompile Include="src\Jolt\Physics\Constraints\SixDOFConstraint.cpp">
      <Filter>Source Files</Filter>
    </ClCompile>
    <ClCompile Include="src\Jolt\Skeleton\SkeletalAnimation.cpp">
      <Filter>Source Files</Filter>
    </ClCompile>
    <ClCompile Include="src\Jolt\Skeleton\Skeleton.cpp">
      <Filter>Source Files</Filter>
    </ClCompile>
    <ClCompile Include="src\Jolt\Skeleton\SkeletonMapper.cpp">
      <Filter>Source Files</Filter>
    </ClCompile>
    <ClCompile Include="src\Jolt\Skeleton\SkeletonPose.cpp">
      <Filter>Source Files</Filter>
    </ClCompile>
    <ClCompile Include="src\Jolt\Physics\Constraints\SliderConstraint.cpp">
      <Filter>Source Files</Filter>
    </ClCompile>
    <ClCompile Include="src\Jolt\Physics\Collision\Shape\SphereShape.cpp">
      <Filter>Source Files</Filter>
    </ClCompile>
    <ClCompile Include="src\Jolt\Physics\StateRecorderImpl.cpp">
      <Filter>Source Files</Filter>
    </ClCompile>
    <ClCompile Include="src\Jolt\Physics\Collision\Shape\StaticCompoundShape.cpp">
      <Filter>Source Files</Filter>
    </ClCompile>
    <ClCompile Include="src\Jolt\Core\StringTools.cpp">
      <Filter>Source Files</Filter>
    </ClCompile>
    <ClCompile Include="src\Jolt\Physics\Constraints\SwingTwistConstraint.cpp">
      <Filter>Source Files</Filter>
    </ClCompile>
    <ClCompile Include="src\Jolt\Physics\Collision\Shape\TaperedCapsuleShape.cpp">
      <Filter>Source Files</Filter>
    </ClCompile>
    <ClCompile Include="src\Jolt\Core\TickCounter.cpp">
      <Filter>Source Files</Filter>
    </ClCompile>
    <ClCompile Include="src\Jolt\Physics\Vehicle\TrackedVehicleController.cpp">
      <Filter>Source Files</Filter>
    </ClCompile>
    <ClCompile Include="src\Jolt\Physics\Collision\TransformedShape.cpp">
      <Filter>Source Files</Filter>
    </ClCompile>
    <ClCompile Include="src\Jolt\TriangleGrouper\TriangleGrouperClosestCentroid.cpp">
      <Filter>Source Files</Filter>
    </ClCompile>
    <ClCompile Include="src\Jolt\TriangleGrouper\TriangleGrouperMorton.cpp">
      <Filter>Source Files</Filter>
    </ClCompile>
    <ClCompile Include="src\Jolt\Physics\Collision\Shape\TriangleShape.cpp">
      <Filter>Source Files</Filter>
    </ClCompile>
    <ClCompile Include="src\Jolt\TriangleSplitter\TriangleSplitter.cpp">
      <Filter>Source Files</Filter>
    </ClCompile>
    <ClCompile Include="src\Jolt\TriangleSplitter\TriangleSplitterBinning.cpp">
      <Filter>Source Files</Filter>
    </ClCompile>
    <ClCompile Include="src\Jolt\TriangleSplitter\TriangleSplitterFixedLeafSize.cpp">
      <Filter>Source Files</Filter>
    </ClCompile>
    <ClCompile Include="src\Jolt\TriangleSplitter\TriangleSplitterLongestAxis.cpp">
      <Filter>Source Files</Filter>
    </ClCompile>
    <ClCompile Include="src\Jolt\TriangleSplitter\TriangleSplitterMean.cpp">
      <Filter>Source Files</Filter>
    </ClCompile>
    <ClCompile Include="src\Jolt\TriangleSplitter\TriangleSplitterMorton.cpp">
      <Filter>Source Files</Filter>
    </ClCompile>
    <ClCompile Include="src\Jolt\Physics\Constraints\TwoBodyConstraint.cpp">
      <Filter>Source Files</Filter>
    </ClCompile>
    <ClCompile Include="src\Jolt\ObjectStream\TypeDeclarations.cpp">
      <Filter>Source Files</Filter>
    </ClCompile>
    <ClCompile Include="src\Jolt\Math\UVec4.cpp">
      <Filter>Source Files</Filter>
    </ClCompile>
    <ClCompile Include="src\Jolt\Math\Vec3.cpp">
      <Filter>Source Files</Filter>
    </ClCompile>
    <ClCompile Include="src\Jolt\Physics\Vehicle\VehicleAntiRollBar.cpp">
      <Filter>Source Files</Filter>
    </ClCompile>
    <ClCompile Include="src\Jolt\Physics\Vehicle\VehicleCollisionTester.cpp">
      <Filter>Source Files</Filter>
    </ClCompile>
    <ClCompile Include="src\Jolt\Physics\Vehicle\VehicleConstraint.cpp">
      <Filter>Source Files</Filter>
    </ClCompile>
    <ClCompile Include="src\Jolt\Physics\Vehicle\VehicleController.cpp">
      <Filter>Source Files</Filter>
    </ClCompile>
    <ClCompile Include="src\Jolt\Physics\Vehicle\VehicleDifferential.cpp">
      <Filter>Source Files</Filter>
    </ClCompile>
    <ClCompile Include="src\Jolt\Physics\Vehicle\VehicleEngine.cpp">
      <Filter>Source Files</Filter>
    </ClCompile>
    <ClCompile Include="src\Jolt\Physics\Vehicle\VehicleTrack.cpp">
      <Filter>Source Files</Filter>
    </ClCompile>
    <ClCompile Include="src\Jolt\Physics\Vehicle\VehicleTransmission.cpp">
      <Filter>Source Files</Filter>
    </ClCompile>
    <ClCompile Include="src\Jolt\Physics\Vehicle\Wheel.cpp">
      <Filter>Source Files</Filter>
    </ClCompile>
    <ClCompile Include="src\Jolt\Physics\Vehicle\WheeledVehicleController.cpp">
      <Filter>Source Files</Filter>
    </ClCompile>
  </ItemGroup>
  <ItemGroup>
  </ItemGroup>
  <ItemGroup>
    <CustomBuild Include="joltphysics_inc.vpc">
      <Filter>VPC Scripts</Filter>
    </CustomBuild>
  </ItemGroup>
  <ItemGroup>
    <None Include="src\Jolt\Physics\Body\Body.inl">
      <Filter>Source Files</Filter>
    </None>
    <None Include="src\Jolt\Math\DMat44.inl">
      <Filter>Source Files</Filter>
    </None>
    <None Include="src\Jolt\Math\DVec3.inl">
      <Filter>Source Files</Filter>
    </None>
    <None Include="src\Jolt\Core\FixedSizeFreeList.inl">
      <Filter>Source Files</Filter>
    </None>
    <None Include="src\Jolt\Core\JobSystem.inl">
      <Filter>Source Files</Filter>
    </None>
    <None Include="src\Jolt\Jolt.cmake">
      <Filter>Source Files</Filter>
    </None>
    <None Include="src\Jolt\Core\LockFreeHashMap.inl">
      <Filter>Source Files</Filter>
    </None>
    <None Include="src\Jolt\Math\Mat44.inl">
      <Filter>Source Files</Filter>
    </None>
    <None Include="src\Jolt\Physics\Body\MotionProperties.inl">
      <Filter>Source Files</Filter>
    </None>
    <None Include="src\Jolt\Core\Profiler.inl">
      <Filter>Source Files</Filter>
    </None>
    <None Include="src\Jolt\Math\Quat.inl">
      <Filter>Source Files</Filter>
    </None>
    <None Include="src\Jolt\Physics\Collision\Shape\TaperedCapsuleShape.gliffy">
      <Filter>Source Files</Filter>
    </None>
    <None Include="src\Jolt\Math\UVec4.inl">
      <Filter>Source Files</Filter>
    </None>
    <None Include="src\Jolt\Math\UVec8.inl">
      <Filter>Source Files</Filter>
    </None>
    <None Include="src\Jolt\Math\Vec3.inl">
      <Filter>Source Files</Filter>
    </None>
    <None Include="src\Jolt\Math\Vec4.inl">
      <Filter>Source Files</Filter>
    </None>
    <None Include="src\Jolt\Math\Vec8.inl">
      <Filter>Source Files</Filter>
    </None>
    <None Include="joltphysics_settings.vpc">
      <Filter>VPC Scripts</Filter>
    </None>
    <None Include="..\..\vpc_scripts\platform_dirs.vpc">
      <Filter>VPC Scripts</Filter>
    </None>
    <None Include="..\..\vpc_scripts\source_base.vpc">
      <Filter>VPC Scripts</Filter>
    </None>
    <None Include="..\..\vpc_scripts\source_lib_base.vpc">
      <Filter>VPC Scripts</Filter>
    </None>
    <None Include="..\..\vpc_scripts\source_lib_win32_base.vpc">
      <Filter>VPC Scripts</Filter>
    </None>
    <None Include="..\..\vpc_scripts\source_lib_win32_debug.vpc">
      <Filter>VPC Scripts</Filter>
    </None>
    <None Include="..\..\vpc_scripts\source_lib_win32_release.vpc">
      <Filter>VPC Scripts</Filter>
    </None>
    <None Include="..\..\vpc_scripts\source_video_base.vpc">
      <Filter>VPC Scripts</Filter>
    </None>
    <None Include="..\..\vpc_scripts\source_win32_base.vpc">
      <Filter>VPC Scripts</Filter>
    </None>
    <None Include="..\..\vpc_scripts\version.vpc">
      <Filter>VPC Scripts</Filter>
    </None>
  </ItemGroup>
</Project>
